
Microsoft Visual Studio Solution File, Format Version 12.00
# Visual Studio 15
VisualStudioVersion = 15.0.27703.2042
MinimumVisualStudioVersion = 10.0.40219.1
Project("{9A19103F-16F7-4668-BE54-9A1E7A4F7556}") = "OMS", "OMS\OMS.csproj", "{63C7EB9E-9FF8-44CD-89D8-10028782FCEA}"
EndProject
Global
	GlobalSection(SolutionConfigurationPlatforms) = preSolution
		Debug|Any CPU = Debug|Any CPU
		Release|Any CPU = Release|Any CPU
	EndGlobalSection
	GlobalSection(ProjectConfigurationPlatforms) = postSolution
		{63C7EB9E-9FF8-44CD-89D8-10028782FCEA}.Debug|Any CPU.ActiveCfg = Debug|Any CPU
		{63C7EB9E-9FF8-44CD-89D8-10028782FCEA}.Debug|Any CPU.Build.0 = Debug|Any CPU
		{63C7EB9E-9FF8-44CD-89D8-10028782FCEA}.Release|Any CPU.ActiveCfg = Release|Any CPU
		{63C7EB9E-9FF8-44CD-89D8-10028782FCEA}.Release|Any CPU.Build.0 = Release|Any CPU
	EndGlobalSection
	GlobalSection(SolutionProperties) = preSolution
		HideSolutionNode = FALSE
	EndGlobalSection
	GlobalSection(ExtensibilityGlobals) = postSolution
		SolutionGuid = {1B4D8975-3D64-4214-BF34-B71D31AF0EA2}
	EndGlobalSection
EndGlobal
